// !$*UTF8*$!
{
	archiveVersion = 1;
	classes = {
	};
	objectVersion = 46;
	objects = {

/* Begin PBXBuildFile section */
		4388EBCD170E6BE60033D799 /* camera@2x.png in Resources */ = {isa = PBXBuildFile; fileRef = 4388EBCB170E6BE60033D799 /* camera@2x.png */; };
		4388EBCE170E6BE60033D799 /* folder-open@2x.png in Resources */ = {isa = PBXBuildFile; fileRef = 4388EBCC170E6BE60033D799 /* folder-open@2x.png */; };
		438B77CD16EC5CD100022B35 /* UIKit.framework in Frameworks */ = {isa = PBXBuildFile; fileRef = 438B77CC16EC5CD100022B35 /* UIKit.framework */; };
		438B77CF16EC5CD100022B35 /* Foundation.framework in Frameworks */ = {isa = PBXBuildFile; fileRef = 438B77CE16EC5CD100022B35 /* Foundation.framework */; };
		438B77D116EC5CD100022B35 /* CoreGraphics.framework in Frameworks */ = {isa = PBXBuildFile; fileRef = 438B77D016EC5CD100022B35 /* CoreGraphics.framework */; };
		438B77D716EC5CD100022B35 /* InfoPlist.strings in Resources */ = {isa = PBXBuildFile; fileRef = 438B77D516EC5CD100022B35 /* InfoPlist.strings */; };
		438B77D916EC5CD100022B35 /* main.m in Sources */ = {isa = PBXBuildFile; fileRef = 438B77D816EC5CD100022B35 /* main.m */; };
		438B77DD16EC5CD100022B35 /* TopoShotAppDelegate.m in Sources */ = {isa = PBXBuildFile; fileRef = 438B77DC16EC5CD100022B35 /* TopoShotAppDelegate.m */; };
		438B77DF16EC5CD100022B35 /* Default.png in Resources */ = {isa = PBXBuildFile; fileRef = 438B77DE16EC5CD100022B35 /* Default.png */; };
		438B77E116EC5CD100022B35 /* Default@2x.png in Resources */ = {isa = PBXBuildFile; fileRef = 438B77E016EC5CD100022B35 /* Default@2x.png */; };
		438B77E316EC5CD100022B35 /* Default-568h@2x.png in Resources */ = {isa = PBXBuildFile; fileRef = 438B77E216EC5CD100022B35 /* Default-568h@2x.png */; };
		438B77E616EC5CD100022B35 /* MainStoryboard.storyboard in Resources */ = {isa = PBXBuildFile; fileRef = 438B77E416EC5CD100022B35 /* MainStoryboard.storyboard */; };
		43A35C4B1706740E0078F395 /* RouteListTVC.m in Sources */ = {isa = PBXBuildFile; fileRef = 43A35C4A1706740E0078F395 /* RouteListTVC.m */; };
		43A35C4E1706743F0078F395 /* NewRouteVC.m in Sources */ = {isa = PBXBuildFile; fileRef = 43A35C4D1706743F0078F395 /* NewRouteVC.m */; };
		43A35C51170674890078F395 /* RouteDetailVC.m in Sources */ = {isa = PBXBuildFile; fileRef = 43A35C50170674890078F395 /* RouteDetailVC.m */; };
		43A35C54170674FA0078F395 /* Route.m in Sources */ = {isa = PBXBuildFile; fileRef = 43A35C53170674FA0078F395 /* Route.m */; };
		43A35C57170680000078F395 /* camera.png in Resources */ = {isa = PBXBuildFile; fileRef = 43A35C55170680000078F395 /* camera.png */; };
		43A35C58170680000078F395 /* folder-open.png in Resources */ = {isa = PBXBuildFile; fileRef = 43A35C56170680000078F395 /* folder-open.png */; };
		43A35C5B1706B2470078F395 /* TopoEditVC.m in Sources */ = {isa = PBXBuildFile; fileRef = 43A35C5A1706B2470078F395 /* TopoEditVC.m */; };
		43A35C5E170771A50078F395 /* RouteList.m in Sources */ = {isa = PBXBuildFile; fileRef = 43A35C5D170771A50078F395 /* RouteList.m */; };
		43AB317B1716081500F3C69C /* RouteView.m in Sources */ = {isa = PBXBuildFile; fileRef = 43AB317A1716081400F3C69C /* RouteView.m */; };
/* End PBXBuildFile section */

/* Begin PBXFileReference section */
		4388EBCB170E6BE60033D799 /* camera@2x.png */ = {isa = PBXFileReference; lastKnownFileType = image.png; path = "camera@2x.png"; sourceTree = "<group>"; };
		4388EBCC170E6BE60033D799 /* folder-open@2x.png */ = {isa = PBXFileReference; lastKnownFileType = image.png; path = "folder-open@2x.png"; sourceTree = "<group>"; };
		438B77C916EC5CD100022B35 /* TopoShot.app */ = {isa = PBXFileReference; explicitFileType = wrapper.application; includeInIndex = 0; path = TopoShot.app; sourceTree = BUILT_PRODUCTS_DIR; };
		438B77CC16EC5CD100022B35 /* UIKit.framework */ = {isa = PBXFileReference; lastKnownFileType = wrapper.framework; name = UIKit.framework; path = System/Library/Frameworks/UIKit.framework; sourceTree = SDKROOT; };
		438B77CE16EC5CD100022B35 /* Foundation.framework */ = {isa = PBXFileReference; lastKnownFileType = wrapper.framework; name = Foundation.framework; path = System/Library/Frameworks/Foundation.framework; sourceTree = SDKROOT; };
		438B77D016EC5CD100022B35 /* CoreGraphics.framework */ = {isa = PBXFileReference; lastKnownFileType = wrapper.framework; name = CoreGraphics.framework; path = System/Library/Frameworks/CoreGraphics.framework; sourceTree = SDKROOT; };
		438B77D416EC5CD100022B35 /* TopoShot-Info.plist */ = {isa = PBXFileReference; lastKnownFileType = text.plist.xml; path = "TopoShot-Info.plist"; sourceTree = "<group>"; };
		438B77D616EC5CD100022B35 /* en */ = {isa = PBXFileReference; lastKnownFileType = text.plist.strings; name = en; path = en.lproj/InfoPlist.strings; sourceTree = "<group>"; };
		438B77D816EC5CD100022B35 /* main.m */ = {isa = PBXFileReference; lastKnownFileType = sourcecode.c.objc; path = main.m; sourceTree = "<group>"; };
		438B77DA16EC5CD100022B35 /* TopoShot-Prefix.pch */ = {isa = PBXFileReference; lastKnownFileType = sourcecode.c.h; path = "TopoShot-Prefix.pch"; sourceTree = "<group>"; };
		438B77DB16EC5CD100022B35 /* TopoShotAppDelegate.h */ = {isa = PBXFileReference; lastKnownFileType = sourcecode.c.h; path = TopoShotAppDelegate.h; sourceTree = "<group>"; };
		438B77DC16EC5CD100022B35 /* TopoShotAppDelegate.m */ = {isa = PBXFileReference; lastKnownFileType = sourcecode.c.objc; path = TopoShotAppDelegate.m; sourceTree = "<group>"; };
		438B77DE16EC5CD100022B35 /* Default.png */ = {isa = PBXFileReference; lastKnownFileType = image.png; path = Default.png; sourceTree = "<group>"; };
		438B77E016EC5CD100022B35 /* Default@2x.png */ = {isa = PBXFileReference; lastKnownFileType = image.png; path = "Default@2x.png"; sourceTree = "<group>"; };
		438B77E216EC5CD100022B35 /* Default-568h@2x.png */ = {isa = PBXFileReference; lastKnownFileType = image.png; path = "Default-568h@2x.png"; sourceTree = "<group>"; };
		438B77E516EC5CD100022B35 /* en */ = {isa = PBXFileReference; lastKnownFileType = file.storyboard; name = en; path = en.lproj/MainStoryboard.storyboard; sourceTree = "<group>"; };
		43A35C491706740E0078F395 /* RouteListTVC.h */ = {isa = PBXFileReference; fileEncoding = 4; lastKnownFileType = sourcecode.c.h; path = RouteListTVC.h; sourceTree = "<group>"; };
		43A35C4A1706740E0078F395 /* RouteListTVC.m */ = {isa = PBXFileReference; fileEncoding = 4; lastKnownFileType = sourcecode.c.objc; path = RouteListTVC.m; sourceTree = "<group>"; };
		43A35C4C1706743F0078F395 /* NewRouteVC.h */ = {isa = PBXFileReference; fileEncoding = 4; lastKnownFileType = sourcecode.c.h; path = NewRouteVC.h; sourceTree = "<group>"; };
		43A35C4D1706743F0078F395 /* NewRouteVC.m */ = {isa = PBXFileReference; fileEncoding = 4; lastKnownFileType = sourcecode.c.objc; path = NewRouteVC.m; sourceTree = "<group>"; };
		43A35C4F170674890078F395 /* RouteDetailVC.h */ = {isa = PBXFileReference; fileEncoding = 4; lastKnownFileType = sourcecode.c.h; path = RouteDetailVC.h; sourceTree = "<group>"; };
		43A35C50170674890078F395 /* RouteDetailVC.m */ = {isa = PBXFileReference; fileEncoding = 4; lastKnownFileType = sourcecode.c.objc; path = RouteDetailVC.m; sourceTree = "<group>"; };
		43A35C52170674FA0078F395 /* Route.h */ = {isa = PBXFileReference; fileEncoding = 4; lastKnownFileType = sourcecode.c.h; path = Route.h; sourceTree = "<group>"; };
		43A35C53170674FA0078F395 /* Route.m */ = {isa = PBXFileReference; fileEncoding = 4; lastKnownFileType = sourcecode.c.objc; path = Route.m; sourceTree = "<group>"; };
		43A35C55170680000078F395 /* camera.png */ = {isa = PBXFileReference; lastKnownFileType = image.png; path = camera.png; sourceTree = "<group>"; };
		43A35C56170680000078F395 /* folder-open.png */ = {isa = PBXFileReference; lastKnownFileType = image.png; path = "folder-open.png"; sourceTree = "<group>"; };
		43A35C591706B2470078F395 /* TopoEditVC.h */ = {isa = PBXFileReference; fileEncoding = 4; lastKnownFileType = sourcecode.c.h; path = TopoEditVC.h; sourceTree = "<group>"; };
		43A35C5A1706B2470078F395 /* TopoEditVC.m */ = {isa = PBXFileReference; fileEncoding = 4; lastKnownFileType = sourcecode.c.objc; path = TopoEditVC.m; sourceTree = "<group>"; };
		43A35C5C170771A50078F395 /* RouteList.h */ = {isa = PBXFileReference; fileEncoding = 4; lastKnownFileType = sourcecode.c.h; path = RouteList.h; sourceTree = "<group>"; };
		43A35C5D170771A50078F395 /* RouteList.m */ = {isa = PBXFileReference; fileEncoding = 4; lastKnownFileType = sourcecode.c.objc; path = RouteList.m; sourceTree = "<group>"; };
		43AB31791716081400F3C69C /* RouteView.h */ = {isa = PBXFileReference; fileEncoding = 4; lastKnownFileType = sourcecode.c.h; path = RouteView.h; sourceTree = "<group>"; };
		43AB317A1716081400F3C69C /* RouteView.m */ = {isa = PBXFileReference; fileEncoding = 4; lastKnownFileType = sourcecode.c.objc; path = RouteView.m; sourceTree = "<group>"; };
/* End PBXFileReference section */

/* Begin PBXFrameworksBuildPhase section */
		438B77C616EC5CD100022B35 /* Frameworks */ = {
			isa = PBXFrameworksBuildPhase;
			buildActionMask = 2147483647;
			files = (
				438B77CD16EC5CD100022B35 /* UIKit.framework in Frameworks */,
				438B77CF16EC5CD100022B35 /* Foundation.framework in Frameworks */,
				438B77D116EC5CD100022B35 /* CoreGraphics.framework in Frameworks */,
			);
			runOnlyForDeploymentPostprocessing = 0;
		};
/* End PBXFrameworksBuildPhase section */

/* Begin PBXGroup section */
		4375ADCC16FF792E002DEE62 /* models */ = {
			isa = PBXGroup;
			children = (
				43A35C52170674FA0078F395 /* Route.h */,
				43A35C53170674FA0078F395 /* Route.m */,
				43A35C5C170771A50078F395 /* RouteList.h */,
				43A35C5D170771A50078F395 /* RouteList.m */,
			);
			name = models;
			sourceTree = "<group>";
		};
		4375ADCD16FF7936002DEE62 /* views */ = {
			isa = PBXGroup;
			children = (
				43AB31791716081400F3C69C /* RouteView.h */,
				43AB317A1716081400F3C69C /* RouteView.m */,
			);
			name = views;
			sourceTree = "<group>";
		};
		4375ADCE16FF793E002DEE62 /* controllers */ = {
			isa = PBXGroup;
			children = (
				43A35C4C1706743F0078F395 /* NewRouteVC.h */,
				43A35C4D1706743F0078F395 /* NewRouteVC.m */,
				43A35C491706740E0078F395 /* RouteListTVC.h */,
				43A35C4A1706740E0078F395 /* RouteListTVC.m */,
				43A35C4F170674890078F395 /* RouteDetailVC.h */,
				43A35C50170674890078F395 /* RouteDetailVC.m */,
				43A35C591706B2470078F395 /* TopoEditVC.h */,
				43A35C5A1706B2470078F395 /* TopoEditVC.m */,
			);
			name = controllers;
			sourceTree = "<group>";
		};
		438B77C016EC5CD000022B35 = {
			isa = PBXGroup;
			children = (
				438B77D216EC5CD100022B35 /* TopoShot */,
				438B77CB16EC5CD100022B35 /* Frameworks */,
				438B77CA16EC5CD100022B35 /* Products */,
			);
			sourceTree = "<group>";
		};
		438B77CA16EC5CD100022B35 /* Products */ = {
			isa = PBXGroup;
			children = (
				438B77C916EC5CD100022B35 /* TopoShot.app */,
			);
			name = Products;
			sourceTree = "<group>";
		};
		438B77CB16EC5CD100022B35 /* Frameworks */ = {
			isa = PBXGroup;
			children = (
				438B77CC16EC5CD100022B35 /* UIKit.framework */,
				438B77CE16EC5CD100022B35 /* Foundation.framework */,
				438B77D016EC5CD100022B35 /* CoreGraphics.framework */,
			);
			name = Frameworks;
			sourceTree = "<group>";
		};
		438B77D216EC5CD100022B35 /* TopoShot */ = {
			isa = PBXGroup;
			children = (
				4375ADCE16FF793E002DEE62 /* controllers */,
				4375ADCD16FF7936002DEE62 /* views */,
				4375ADCC16FF792E002DEE62 /* models */,
				438B77DB16EC5CD100022B35 /* TopoShotAppDelegate.h */,
				438B77DC16EC5CD100022B35 /* TopoShotAppDelegate.m */,
				43A35C55170680000078F395 /* camera.png */,
				43A35C56170680000078F395 /* folder-open.png */,
				4388EBCB170E6BE60033D799 /* camera@2x.png */,
				4388EBCC170E6BE60033D799 /* folder-open@2x.png */,
				438B77E416EC5CD100022B35 /* MainStoryboard.storyboard */,
				438B77D316EC5CD100022B35 /* Supporting Files */,
			);
			path = TopoShot;
			sourceTree = "<group>";
		};
		438B77D316EC5CD100022B35 /* Supporting Files */ = {
			isa = PBXGroup;
			children = (
				438B77D416EC5CD100022B35 /* TopoShot-Info.plist */,
				438B77D516EC5CD100022B35 /* InfoPlist.strings */,
				438B77D816EC5CD100022B35 /* main.m */,
				438B77DA16EC5CD100022B35 /* TopoShot-Prefix.pch */,
				438B77DE16EC5CD100022B35 /* Default.png */,
				438B77E016EC5CD100022B35 /* Default@2x.png */,
				438B77E216EC5CD100022B35 /* Default-568h@2x.png */,
			);
			name = "Supporting Files";
			sourceTree = "<group>";
		};
/* End PBXGroup section */

/* Begin PBXNativeTarget section */
		438B77C816EC5CD100022B35 /* TopoShot */ = {
			isa = PBXNativeTarget;
			buildConfigurationList = 438B77EC16EC5CD100022B35 /* Build configuration list for PBXNativeTarget "TopoShot" */;
			buildPhases = (
				438B77C516EC5CD100022B35 /* Sources */,
				438B77C616EC5CD100022B35 /* Frameworks */,
				438B77C716EC5CD100022B35 /* Resources */,
			);
			buildRules = (
			);
			dependencies = (
			);
			name = TopoShot;
			productName = TopoShot;
			productReference = 438B77C916EC5CD100022B35 /* TopoShot.app */;
			productType = "com.apple.product-type.application";
		};
/* End PBXNativeTarget section */

/* Begin PBXProject section */
		438B77C116EC5CD000022B35 /* Project object */ = {
			isa = PBXProject;
			attributes = {
				CLASSPREFIX = TopoShot;
				LastUpgradeCheck = 0460;
				ORGANIZATIONNAME = "CSU Chico";
			};
			buildConfigurationList = 438B77C416EC5CD000022B35 /* Build configuration list for PBXProject "TopoShot" */;
			compatibilityVersion = "Xcode 3.2";
			developmentRegion = English;
			hasScannedForEncodings = 0;
			knownRegions = (
				en,
			);
			mainGroup = 438B77C016EC5CD000022B35;
			productRefGroup = 438B77CA16EC5CD100022B35 /* Products */;
			projectDirPath = "";
			projectRoot = "";
			targets = (
				438B77C816EC5CD100022B35 /* TopoShot */,
			);
		};
/* End PBXProject section */

/* Begin PBXResourcesBuildPhase section */
		438B77C716EC5CD100022B35 /* Resources */ = {
			isa = PBXResourcesBuildPhase;
			buildActionMask = 2147483647;
			files = (
				438B77D716EC5CD100022B35 /* InfoPlist.strings in Resources */,
				438B77DF16EC5CD100022B35 /* Default.png in Resources */,
				438B77E116EC5CD100022B35 /* Default@2x.png in Resources */,
				438B77E316EC5CD100022B35 /* Default-568h@2x.png in Resources */,
				438B77E616EC5CD100022B35 /* MainStoryboard.storyboard in Resources */,
				43A35C57170680000078F395 /* camera.png in Resources */,
				43A35C58170680000078F395 /* folder-open.png in Resources */,
				4388EBCD170E6BE60033D799 /* camera@2x.png in Resources */,
				4388EBCE170E6BE60033D799 /* folder-open@2x.png in Resources */,
			);
			runOnlyForDeploymentPostprocessing = 0;
		};
/* End PBXResourcesBuildPhase section */

/* Begin PBXSourcesBuildPhase section */
		438B77C516EC5CD100022B35 /* Sources */ = {
			isa = PBXSourcesBuildPhase;
			buildActionMask = 2147483647;
			files = (
				438B77D916EC5CD100022B35 /* main.m in Sources */,
				438B77DD16EC5CD100022B35 /* TopoShotAppDelegate.m in Sources */,
				43A35C4B1706740E0078F395 /* RouteListTVC.m in Sources */,
				43A35C4E1706743F0078F395 /* NewRouteVC.m in Sources */,
				43A35C51170674890078F395 /* RouteDetailVC.m in Sources */,
				43A35C54170674FA0078F395 /* Route.m in Sources */,
				43A35C5B1706B2470078F395 /* TopoEditVC.m in Sources */,
				43A35C5E170771A50078F395 /* RouteList.m in Sources */,
				43AB317B1716081500F3C69C /* RouteView.m in Sources */,
			);
			runOnlyForDeploymentPostprocessing = 0;
		};
/* End PBXSourcesBuildPhase section */

/* Begin PBXVariantGroup section */
		438B77D516EC5CD100022B35 /* InfoPlist.strings */ = {
			isa = PBXVariantGroup;
			children = (
				438B77D616EC5CD100022B35 /* en */,
			);
			name = InfoPlist.strings;
			sourceTree = "<group>";
		};
		438B77E416EC5CD100022B35 /* MainStoryboard.storyboard */ = {
			isa = PBXVariantGroup;
			children = (
				438B77E516EC5CD100022B35 /* en */,
			);
			name = MainStoryboard.storyboard;
			sourceTree = "<group>";
		};
/* End PBXVariantGroup section */

/* Begin XCBuildConfiguration section */
		438B77EA16EC5CD100022B35 /* Debug */ = {
			isa = XCBuildConfiguration;
			buildSettings = {
				ALWAYS_SEARCH_USER_PATHS = NO;
				CLANG_CXX_LANGUAGE_STANDARD = "gnu++0x";
				CLANG_CXX_LIBRARY = "libc++";
				CLANG_ENABLE_OBJC_ARC = YES;
				CLANG_WARN_CONSTANT_CONVERSION = YES;
				CLANG_WARN_EMPTY_BODY = YES;
				CLANG_WARN_ENUM_CONVERSION = YES;
				CLANG_WARN_INT_CONVERSION = YES;
				CLANG_WARN__DUPLICATE_METHOD_MATCH = YES;
				"CODE_SIGN_IDENTITY[sdk=iphoneos*]" = "iPhone Developer";
				COPY_PHASE_STRIP = NO;
				GCC_C_LANGUAGE_STANDARD = gnu99;
				GCC_DYNAMIC_NO_PIC = NO;
				GCC_OPTIMIZATION_LEVEL = 0;
				GCC_PREPROCESSOR_DEFINITIONS = (
					"DEBUG=1",
					"$(inherited)",
				);
				GCC_SYMBOLS_PRIVATE_EXTERN = NO;
				GCC_WARN_ABOUT_RETURN_TYPE = YES;
				GCC_WARN_UNINITIALIZED_AUTOS = YES;
				GCC_WARN_UNUSED_VARIABLE = YES;
				IPHONEOS_DEPLOYMENT_TARGET = 6.1;
				ONLY_ACTIVE_ARCH = YES;
				SDKROOT = iphoneos;
			};
			name = Debug;
		};
		438B77EB16EC5CD100022B35 /* Release */ = {
			isa = XCBuildConfiguration;
			buildSettings = {
				ALWAYS_SEARCH_USER_PATHS = NO;
				CLANG_CXX_LANGUAGE_STANDARD = "gnu++0x";
				CLANG_CXX_LIBRARY = "libc++";
				CLANG_ENABLE_OBJC_ARC = YES;
				CLANG_WARN_CONSTANT_CONVERSION = YES;
				CLANG_WARN_EMPTY_BODY = YES;
				CLANG_WARN_ENUM_CONVERSION = YES;
				CLANG_WARN_INT_CONVERSION = YES;
				CLANG_WARN__DUPLICATE_METHOD_MATCH = YES;
				"CODE_SIGN_IDENTITY[sdk=iphoneos*]" = "iPhone Developer";
				COPY_PHASE_STRIP = YES;
				GCC_C_LANGUAGE_STANDARD = gnu99;
				GCC_WARN_ABOUT_RETURN_TYPE = YES;
				GCC_WARN_UNINITIALIZED_AUTOS = YES;
				GCC_WARN_UNUSED_VARIABLE = YES;
				IPHONEOS_DEPLOYMENT_TARGET = 6.1;
				OTHER_CFLAGS = "-DNS_BLOCK_ASSERTIONS=1";
				SDKROOT = iphoneos;
				VALIDATE_PRODUCT = YES;
			};
			name = Release;
		};
		438B77ED16EC5CD100022B35 /* Debug */ = {
			isa = XCBuildConfiguration;
			buildSettings = {
				GCC_PRECOMPILE_PREFIX_HEADER = YES;
				GCC_PREFIX_HEADER = "TopoShot/TopoShot-Prefix.pch";
				INFOPLIST_FILE = "TopoShot/TopoShot-Info.plist";
				PRODUCT_NAME = "$(TARGET_NAME)";
				WRAPPER_EXTENSION = app;
			};
			name = Debug;
		};
		438B77EE16EC5CD100022B35 /* Release */ = {
			isa = XCBuildConfiguration;
			buildSettings = {
				GCC_PRECOMPILE_PREFIX_HEADER = YES;
				GCC_PREFIX_HEADER = "TopoShot/TopoShot-Prefix.pch";
				INFOPLIST_FILE = "TopoShot/TopoShot-Info.plist";
				PRODUCT_NAME = "$(TARGET_NAME)";
				WRAPPER_EXTENSION = app;
			};
			name = Release;
		};
/* End XCBuildConfiguration section */

/* Begin XCConfigurationList section */
		438B77C416EC5CD000022B35 /* Build configuration list for PBXProject "TopoShot" */ = {
			isa = XCConfigurationList;
			buildConfigurations = (
				438B77EA16EC5CD100022B35 /* Debug */,
				438B77EB16EC5CD100022B35 /* Release */,
			);
			defaultConfigurationIsVisible = 0;
			defaultConfigurationName = Release;
		};
		438B77EC16EC5CD100022B35 /* Build configuration list for PBXNativeTarget "TopoShot" */ = {
			isa = XCConfigurationList;
			buildConfigurations = (
				438B77ED16EC5CD100022B35 /* Debug */,
				438B77EE16EC5CD100022B35 /* Release */,
			);
			defaultConfigurationIsVisible = 0;
			defaultConfigurationName = Release;
		};
/* End XCConfigurationList section */
	};
	rootObject = 438B77C116EC5CD000022B35 /* Project object */;
}
